
Microsoft Visual Studio Solution File, Format Version 12.00
# Visual Studio 15
VisualStudioVersion = 15.0.27130.2027
MinimumVisualStudioVersion = 10.0.40219.1
Project("{FAE04EC0-301F-11D3-BF4B-00C04F79EFBC}") = "weixin.mp.wujixiong.com", "weixin.mp.wujixiong.com\weixin.mp.wujixiong.com.csproj", "{FDC523B2-D658-4667-BDDA-3327F0AA55EF}"
EndProject
Global
	GlobalSection(SolutionConfigurationPlatforms) = preSolution
		Debug|Any CPU = Debug|Any CPU
		Release|Any CPU = Release|Any CPU
	EndGlobalSection
	GlobalSection(ProjectConfigurationPlatforms) = postSolution
		{FDC523B2-D658-4667-BDDA-3327F0AA55EF}.Debug|Any CPU.ActiveCfg = Debug|Any CPU
		{FDC523B2-D658-4667-BDDA-3327F0AA55EF}.Debug|Any CPU.Build.0 = Debug|Any CPU
		{FDC523B2-D658-4667-BDDA-3327F0AA55EF}.Release|Any CPU.ActiveCfg = Release|Any CPU
		{FDC523B2-D658-4667-BDDA-3327F0AA55EF}.Release|Any CPU.Build.0 = Release|Any CPU
	EndGlobalSection
	GlobalSection(SolutionProperties) = preSolution
		HideSolutionNode = FALSE
	EndGlobalSection
	GlobalSection(ExtensibilityGlobals) = postSolution
		SolutionGuid = {951CA37F-7381-4F82-B212-A9E043EC396A}
	EndGlobalSection
EndGlobal
